
Microsoft Visual Studio Solution File, Format Version 12.00
# Visual Studio Version 16
VisualStudioVersion = 16.0.30611.23
MinimumVisualStudioVersion = 10.0.40219.1
Project("{FAE04EC0-301F-11D3-BF4B-00C04F79EFBC}") = "PatSamRESTAPI", "PatSamRESTAPI\PatSamRESTAPI.csproj", "{11F0E2FC-F95A-4A22-8ADE-BF04655EFB72}"
EndProject
Global
	GlobalSection(SolutionConfigurationPlatforms) = preSolution
		Debug|Any CPU = Debug|Any CPU
		Release|Any CPU = Release|Any CPU
	EndGlobalSection
	GlobalSection(ProjectConfigurationPlatforms) = postSolution
		{11F0E2FC-F95A-4A22-8ADE-BF04655EFB72}.Debug|Any CPU.ActiveCfg = Debug|Any CPU
		{11F0E2FC-F95A-4A22-8ADE-BF04655EFB72}.Debug|Any CPU.Build.0 = Debug|Any CPU
		{11F0E2FC-F95A-4A22-8ADE-BF04655EFB72}.Release|Any CPU.ActiveCfg = Release|Any CPU
		{11F0E2FC-F95A-4A22-8ADE-BF04655EFB72}.Release|Any CPU.Build.0 = Release|Any CPU
	EndGlobalSection
	GlobalSection(SolutionProperties) = preSolution
		HideSolutionNode = FALSE
	EndGlobalSection
	GlobalSection(ExtensibilityGlobals) = postSolution
		SolutionGuid = {13EDCA40-9760-4E13-AEE7-96DFBEE19F11}
	EndGlobalSection
EndGlobal
